
Microsoft Visual Studio Solution File, Format Version 12.00
# Visual Studio 15
VisualStudioVersion = 15.0.28307.1000
MinimumVisualStudioVersion = 10.0.40219.1
Project("{FAE04EC0-301F-11D3-BF4B-00C04F79EFBC}") = "Assembly-CSharp", "Assembly-CSharp.csproj", "{3E7E9ABC-110D-EBB5-39A7-DF7134129B46}"
EndProject
Project("{FAE04EC0-301F-11D3-BF4B-00C04F79EFBC}") = "CC-UnityLib.Core", "..\CC-UnityLib.Core\CC-UnityLib.Core.csproj", "{15181F98-46AB-4687-8D6F-F8F05E54B0EF}"
EndProject
Project("{FAE04EC0-301F-11D3-BF4B-00C04F79EFBC}") = "CC-UnityLib.Visual", "..\CC-UnityLib.Visual\CC-UnityLib.Visual.csproj", "{A6899262-CD18-4FE9-BD12-17E9F7D9DFDE}"
EndProject
Project("{FAE04EC0-301F-11D3-BF4B-00C04F79EFBC}") = "CC-UnityLib.Input", "..\CC-UnityLib.Input\CC-UnityLib.Input.csproj", "{C2A7D400-F748-4433-B102-43E9DF0BE398}"
EndProject
Project("{FAE04EC0-301F-11D3-BF4B-00C04F79EFBC}") = "CC-UnityLib.Random", "CC-UnityLib.Random\CC-UnityLib.Random.csproj", "{F49043D9-2177-4744-A59C-BD42328AD098}"
EndProject
Global
	GlobalSection(SolutionConfigurationPlatforms) = preSolution
		Debug|Any CPU = Debug|Any CPU
		Release|Any CPU = Release|Any CPU
	EndGlobalSection
	GlobalSection(ProjectConfigurationPlatforms) = postSolution
		{3E7E9ABC-110D-EBB5-39A7-DF7134129B46}.Debug|Any CPU.ActiveCfg = Debug|Any CPU
		{3E7E9ABC-110D-EBB5-39A7-DF7134129B46}.Debug|Any CPU.Build.0 = Debug|Any CPU
		{3E7E9ABC-110D-EBB5-39A7-DF7134129B46}.Release|Any CPU.ActiveCfg = Release|Any CPU
		{3E7E9ABC-110D-EBB5-39A7-DF7134129B46}.Release|Any CPU.Build.0 = Release|Any CPU
		{15181F98-46AB-4687-8D6F-F8F05E54B0EF}.Debug|Any CPU.ActiveCfg = Debug|Any CPU
		{15181F98-46AB-4687-8D6F-F8F05E54B0EF}.Debug|Any CPU.Build.0 = Debug|Any CPU
		{15181F98-46AB-4687-8D6F-F8F05E54B0EF}.Release|Any CPU.ActiveCfg = Release|Any CPU
		{15181F98-46AB-4687-8D6F-F8F05E54B0EF}.Release|Any CPU.Build.0 = Release|Any CPU
		{A6899262-CD18-4FE9-BD12-17E9F7D9DFDE}.Debug|Any CPU.ActiveCfg = Debug|Any CPU
		{A6899262-CD18-4FE9-BD12-17E9F7D9DFDE}.Debug|Any CPU.Build.0 = Debug|Any CPU
		{A6899262-CD18-4FE9-BD12-17E9F7D9DFDE}.Release|Any CPU.ActiveCfg = Release|Any CPU
		{A6899262-CD18-4FE9-BD12-17E9F7D9DFDE}.Release|Any CPU.Build.0 = Release|Any CPU
		{C2A7D400-F748-4433-B102-43E9DF0BE398}.Debug|Any CPU.ActiveCfg = Debug|Any CPU
		{C2A7D400-F748-4433-B102-43E9DF0BE398}.Debug|Any CPU.Build.0 = Debug|Any CPU
		{C2A7D400-F748-4433-B102-43E9DF0BE398}.Release|Any CPU.ActiveCfg = Release|Any CPU
		{C2A7D400-F748-4433-B102-43E9DF0BE398}.Release|Any CPU.Build.0 = Release|Any CPU
		{F49043D9-2177-4744-A59C-BD42328AD098}.Debug|Any CPU.ActiveCfg = Debug|Any CPU
		{F49043D9-2177-4744-A59C-BD42328AD098}.Debug|Any CPU.Build.0 = Debug|Any CPU
		{F49043D9-2177-4744-A59C-BD42328AD098}.Release|Any CPU.ActiveCfg = Release|Any CPU
		{F49043D9-2177-4744-A59C-BD42328AD098}.Release|Any CPU.Build.0 = Release|Any CPU
	EndGlobalSection
	GlobalSection(SolutionProperties) = preSolution
		HideSolutionNode = FALSE
	EndGlobalSection
	GlobalSection(ExtensibilityGlobals) = postSolution
		SolutionGuid = {235C7D87-97E7-4473-BEE0-712045F18055}
	EndGlobalSection
EndGlobal
